
Microsoft Visual Studio Solution File, Format Version 12.00
# Visual Studio 15
VisualStudioVersion = 15.0.27428.2002
MinimumVisualStudioVersion = 10.0.40219.1
Project("{FAE04EC0-301F-11D3-BF4B-00C04F79EFBC}") = "HoatDongTraiNghiem", "HoatDongTraiNghiem\HoatDongTraiNghiem.csproj", "{64F1ABDF-9429-41A9-A490-32806F27A970}"
EndProject
Global
	GlobalSection(SolutionConfigurationPlatforms) = preSolution
		Debug|Any CPU = Debug|Any CPU
		Release|Any CPU = Release|Any CPU
	EndGlobalSection
	GlobalSection(ProjectConfigurationPlatforms) = postSolution
		{64F1ABDF-9429-41A9-A490-32806F27A970}.Debug|Any CPU.ActiveCfg = Debug|Any CPU
		{64F1ABDF-9429-41A9-A490-32806F27A970}.Debug|Any CPU.Build.0 = Debug|Any CPU
		{64F1ABDF-9429-41A9-A490-32806F27A970}.Release|Any CPU.ActiveCfg = Release|Any CPU
		{64F1ABDF-9429-41A9-A490-32806F27A970}.Release|Any CPU.Build.0 = Release|Any CPU
	EndGlobalSection
	GlobalSection(SolutionProperties) = preSolution
		HideSolutionNode = FALSE
	EndGlobalSection
	GlobalSection(ExtensibilityGlobals) = postSolution
		SolutionGuid = {1EF550DA-93CD-4118-B18B-64C55180C976}
	EndGlobalSection
EndGlobal
